<?xml version="1.0" encoding="utf-8"?>
<Project ToolsVersion="4.0" xmlns="http://schemas.microsoft.com/developer/msbuild/2003">
  <ItemGroup>
    <Filter Include="Source Files">
      <UniqueIdentifier>{4FC737F1-C7A5-4376-A066-2A32D752A2FF}</UniqueIdentifier>
      <Extensions>cpp;c;cc;cxx;c++;cppm;ixx;def;odl;idl;hpj;bat;asm;asmx</Extensions>
    </Filter>
    <Filter Include="Header Files">
      <UniqueIdentifier>{93995380-89BD-4b04-88EB-625FBE52EBFB}</UniqueIdentifier>
      <Extensions>h;hh;hpp;hxx;h++;hm;inl;inc;ipp;xsd</Extensions>
    </Filter>
    <Filter Include="Resource Files">
      <UniqueIdentifier>{67DA6AB6-F800-4c08-8B7A-83BB121AAD01}</UniqueIdentifier>
      <Extensions>rc;ico;cur;bmp;dlg;rc2;rct;bin;rgs;gif;jpg;jpeg;jpe;resx;tiff;tif;png;wav;mfcribbon-ms</Extensions>
    </Filter>
  </ItemGroup>
  <ItemGroup>
    <ClCompile Include="main.cpp">
      <Filter>Source Files</Filter>
    </ClCompile>
    <ClCompile Include="App.cpp">
      <Filter>Source Files</Filter>
    </ClCompile>
    <ClCompile Include="Utils.cpp">
      <Filter>Source Files</Filter>
    </ClCompile>
    <ClCompile Include="BaseTexture.cpp">
      <Filter>Source Files</Filter>
    </ClCompile>
    <ClCompile Include="IMGTexture.cpp">
      <Filter>Source Files</Filter>
    </ClCompile>
    <ClCompile Include="MovePack.cpp">
      <Filter>Source Files</Filter>
    </ClCompile>
    <ClCompile Include="MovePackQueue.cpp">
      <Filter>Source Files</Filter>
    </ClCompile>
    <ClCompile Include="TextTexture.cpp">
      <Filter>Source Files</Filter>
    </ClCompile>
    <ClCompile Include="TextureMover.cpp">
      <Filter>Source Files</Filter>
    </ClCompile>
    <ClCompile Include="cordic.cpp">
      <Filter>Source Files</Filter>
    </ClCompile>
    <ClCompile Include="Flags.cpp">
      <Filter>Source Files</Filter>
    </ClCompile>
  </ItemGroup>
  <ItemGroup>
    <Font Include="Twobit-OK2A.ttf">
      <Filter>Resource Files</Filter>
    </Font>
    <Font Include="style1.otf">
      <Filter>Resource Files</Filter>
    </Font>
    <Font Include="..\..\..\..\Downloads\watatsuki-tech-sans-font\WatatsukiTechSans-GOJxA.ttf">
      <Filter>Resource Files</Filter>
    </Font>
  </ItemGroup>
  <ItemGroup>
    <ClInclude Include="App.h">
      <Filter>Header Files</Filter>
    </ClInclude>
    <ClInclude Include="Utils.h">
      <Filter>Header Files</Filter>
    </ClInclude>
    <ClInclude Include="BaseTexture.h">
      <Filter>Header Files</Filter>
    </ClInclude>
    <ClInclude Include="Flags.h">
      <Filter>Header Files</Filter>
    </ClInclude>
    <ClInclude Include="IMGTexture.h">
      <Filter>Header Files</Filter>
    </ClInclude>
    <ClInclude Include="MovePack.h">
      <Filter>Header Files</Filter>
    </ClInclude>
    <ClInclude Include="MovePackQueue.h">
      <Filter>Header Files</Filter>
    </ClInclude>
    <ClInclude Include="TextTexture.h">
      <Filter>Header Files</Filter>
    </ClInclude>
    <ClInclude Include="TextureMover.h">
      <Filter>Header Files</Filter>
    </ClInclude>
    <ClInclude Include="cordic.h">
      <Filter>Header Files</Filter>
    </ClInclude>
    <ClInclude Include="Parse.h">
      <Filter>Header Files</Filter>
    </ClInclude>
  </ItemGroup>
  <ItemGroup>
    <Image Include="square.png">
      <Filter>Resource Files</Filter>
    </Image>
  </ItemGroup>
  <ItemGroup>
    <Text Include="ScaleCode.txt" />
  </ItemGroup>
</Project>