
Microsoft Visual Studio Solution File, Format Version 12.00
# Visual Studio Version 17
VisualStudioVersion = 17.5.33424.131
MinimumVisualStudioVersion = 10.0.40219.1
Project("{8BC9CEB8-8B4A-11D0-8D11-00A0C91BC942}") = "firstSDLWindow", "firstSDLWindow\firstSDLWindow.vcxproj", "{88049A9A-F7E5-40CF-9DCD-A7DC69466BDB}"
EndProject
Global
	GlobalSection(SolutionConfigurationPlatforms) = preSolution
		Debug|x64 = Debug|x64
		Debug|x86 = Debug|x86
		Release|x64 = Release|x64
		Release|x86 = Release|x86
	EndGlobalSection
	GlobalSection(ProjectConfigurationPlatforms) = postSolution
		{88049A9A-F7E5-40CF-9DCD-A7DC69466BDB}.Debug|x64.ActiveCfg = Debug|x64
		{88049A9A-F7E5-40CF-9DCD-A7DC69466BDB}.Debug|x64.Build.0 = Debug|x64
		{88049A9A-F7E5-40CF-9DCD-A7DC69466BDB}.Debug|x86.ActiveCfg = Debug|Win32
		{88049A9A-F7E5-40CF-9DCD-A7DC69466BDB}.Debug|x86.Build.0 = Debug|Win32
		{88049A9A-F7E5-40CF-9DCD-A7DC69466BDB}.Release|x64.ActiveCfg = Release|x64
		{88049A9A-F7E5-40CF-9DCD-A7DC69466BDB}.Release|x64.Build.0 = Release|x64
		{88049A9A-F7E5-40CF-9DCD-A7DC69466BDB}.Release|x86.ActiveCfg = Release|Win32
		{88049A9A-F7E5-40CF-9DCD-A7DC69466BDB}.Release|x86.Build.0 = Release|Win32
	EndGlobalSection
	GlobalSection(SolutionProperties) = preSolution
		HideSolutionNode = FALSE
	EndGlobalSection
	GlobalSection(ExtensibilityGlobals) = postSolution
		SolutionGuid = {A2C4EBD5-57DC-4B6A-8034-F2219AE4A3D7}
	EndGlobalSection
EndGlobal
